PODS:
  - Flutter (1.0.0)
  - speech_to_text (0.0.1):
    - Flutter

DEPENDENCIES:
  - Flutter (from `Flutter`)
  - speech_to_text (from `.symlinks/plugins/speech_to_text/ios`)

EXTERNAL SOURCES:
  Flutter:
    :path: Flutter
  speech_to_text:
    :path: ".symlinks/plugins/speech_to_text/ios"

SPEC CHECKSUMS:
  Flutter: 0e3d915762c693b495b44d77113d4970485de6ec
  speech_to_text: 41b068d5f61fe3abe7e2bb0296250cf996e45417

PODFILE CHECKSUM: 0ba44ad07df4ab62269dc769727cf0f12b1e453d

COCOAPODS: 1.8.3
